
Microsoft Visual Studio Solution File, Format Version 12.00
# Visual Studio Version 16
VisualStudioVersion = 16.0.32126.315
MinimumVisualStudioVersion = 10.0.40219.1
Project("{FAE04EC0-301F-11D3-BF4B-00C04F79EFBC}") = "NatureSim.Console", "NatureSim.Console\NatureSim.Console.csproj", "{3F33519A-BB33-45D6-B0BB-25E63BC4506E}"
EndProject
Global
	GlobalSection(SolutionConfigurationPlatforms) = preSolution
		Debug|Any CPU = Debug|Any CPU
		Release|Any CPU = Release|Any CPU
	EndGlobalSection
	GlobalSection(ProjectConfigurationPlatforms) = postSolution
		{3F33519A-BB33-45D6-B0BB-25E63BC4506E}.Debug|Any CPU.ActiveCfg = Debug|Any CPU
		{3F33519A-BB33-45D6-B0BB-25E63BC4506E}.Debug|Any CPU.Build.0 = Debug|Any CPU
		{3F33519A-BB33-45D6-B0BB-25E63BC4506E}.Release|Any CPU.ActiveCfg = Release|Any CPU
		{3F33519A-BB33-45D6-B0BB-25E63BC4506E}.Release|Any CPU.Build.0 = Release|Any CPU
	EndGlobalSection
	GlobalSection(SolutionProperties) = preSolution
		HideSolutionNode = FALSE
	EndGlobalSection
	GlobalSection(ExtensibilityGlobals) = postSolution
		SolutionGuid = {A3E7A336-AC1C-41E6-BDA5-A535645D509C}
	EndGlobalSection
EndGlobal
